
Microsoft Visual Studio Solution File, Format Version 12.00
# Visual Studio Version 16
VisualStudioVersion = 16.0.30615.102
MinimumVisualStudioVersion = 10.0.40219.1
Project("{9A19103F-16F7-4668-BE54-9A1E7A4F7556}") = "ClientSide", "ClientSide\ClientSide.csproj", "{2303AA2D-A01C-471E-A9B4-6146E5BBB2ED}"
EndProject
Project("{9A19103F-16F7-4668-BE54-9A1E7A4F7556}") = "Components", "Components\Components.csproj", "{E4F648B3-2602-44FF-8CA0-3CED96BC4CB4}"
EndProject
Project("{9A19103F-16F7-4668-BE54-9A1E7A4F7556}") = "ServerSide", "ServerSide\ServerSide.csproj", "{845C9C17-FEA0-4D01-B80D-4D0CAEA0205F}"
EndProject
Project("{9A19103F-16F7-4668-BE54-9A1E7A4F7556}") = "DataAggregator", "DataAggregator\DataAggregator.csproj", "{2ED5BC0D-A037-42C7-A413-9F6D1BADFFEC}"
EndProject
Project("{2150E333-8FDC-42A3-9474-1A3956D46DE8}") = "Solution Items", "Solution Items", "{92946683-651F-4A22-940B-E580D6EE8850}"
	ProjectSection(SolutionItems) = preProject
		.github\workflows\dotnet-core.yml = .github\workflows\dotnet-core.yml
		nuget.config = nuget.config
	EndProjectSection
EndProject
Global
	GlobalSection(SolutionConfigurationPlatforms) = preSolution
		Debug|Any CPU = Debug|Any CPU
		Release|Any CPU = Release|Any CPU
	EndGlobalSection
	GlobalSection(ProjectConfigurationPlatforms) = postSolution
		{2303AA2D-A01C-471E-A9B4-6146E5BBB2ED}.Debug|Any CPU.ActiveCfg = Debug|Any CPU
		{2303AA2D-A01C-471E-A9B4-6146E5BBB2ED}.Debug|Any CPU.Build.0 = Debug|Any CPU
		{2303AA2D-A01C-471E-A9B4-6146E5BBB2ED}.Release|Any CPU.ActiveCfg = Release|Any CPU
		{2303AA2D-A01C-471E-A9B4-6146E5BBB2ED}.Release|Any CPU.Build.0 = Release|Any CPU
		{E4F648B3-2602-44FF-8CA0-3CED96BC4CB4}.Debug|Any CPU.ActiveCfg = Debug|Any CPU
		{E4F648B3-2602-44FF-8CA0-3CED96BC4CB4}.Debug|Any CPU.Build.0 = Debug|Any CPU
		{E4F648B3-2602-44FF-8CA0-3CED96BC4CB4}.Release|Any CPU.ActiveCfg = Release|Any CPU
		{E4F648B3-2602-44FF-8CA0-3CED96BC4CB4}.Release|Any CPU.Build.0 = Release|Any CPU
		{845C9C17-FEA0-4D01-B80D-4D0CAEA0205F}.Debug|Any CPU.ActiveCfg = Debug|Any CPU
		{845C9C17-FEA0-4D01-B80D-4D0CAEA0205F}.Debug|Any CPU.Build.0 = Debug|Any CPU
		{845C9C17-FEA0-4D01-B80D-4D0CAEA0205F}.Release|Any CPU.ActiveCfg = Release|Any CPU
		{845C9C17-FEA0-4D01-B80D-4D0CAEA0205F}.Release|Any CPU.Build.0 = Release|Any CPU
		{2ED5BC0D-A037-42C7-A413-9F6D1BADFFEC}.Debug|Any CPU.ActiveCfg = Debug|Any CPU
		{2ED5BC0D-A037-42C7-A413-9F6D1BADFFEC}.Debug|Any CPU.Build.0 = Debug|Any CPU
		{2ED5BC0D-A037-42C7-A413-9F6D1BADFFEC}.Release|Any CPU.ActiveCfg = Release|Any CPU
		{2ED5BC0D-A037-42C7-A413-9F6D1BADFFEC}.Release|Any CPU.Build.0 = Release|Any CPU
	EndGlobalSection
	GlobalSection(SolutionProperties) = preSolution
		HideSolutionNode = FALSE
	EndGlobalSection
	GlobalSection(ExtensibilityGlobals) = postSolution
		SolutionGuid = {6365F7BA-8490-4331-B96E-748C03C7D4B5}
	EndGlobalSection
EndGlobal
